Microsoft Visual Studio Solution File, Format Version 12.00
# Visual Studio Version 17
VisualStudioVersion = 17.5.2.0
MinimumVisualStudioVersion = 10.0.40219.1
Project("{2150E333-8FDC-42A3-9474-1A3956D46DE8}") = "csharp-arrays_lists_dictionaries", "csharp-arrays_lists_dictionaries", "{3189A337-1C28-E911-48E5-99E3FE63AA1B}"
EndProject
Project("{2150E333-8FDC-42A3-9474-1A3956D46DE8}") = "csharp-exceptions", "csharp-exceptions", "{B21A7279-EAF8-DE9E-95EF-00C601E75CBB}"
EndProject
Project("{2150E333-8FDC-42A3-9474-1A3956D46DE8}") = "csharp-hashset_stack_queue_linkedlist", "csharp-hashset_stack_queue_linkedlist", "{6F8775CB-5B6E-1497-CCCA-244450B5B3B5}"
EndProject
Project("{2150E333-8FDC-42A3-9474-1A3956D46DE8}") = "csharp-hello_world", "csharp-hello_world", "{F79439CF-3592-70E5-033E-89C6F6C77294}"
EndProject
Project("{2150E333-8FDC-42A3-9474-1A3956D46DE8}") = "csharp-ifelse_loops_methods", "csharp-ifelse_loops_methods", "{DEEA1A98-8366-3ACF-F400-91991BE6023A}"
EndProject
Project("{FAE04EC0-301F-11D3-BF4B-00C04F79EFBC}") = "0-print_array", "csharp-arrays_lists_dictionaries\0-print_array\0-print_array.csproj", "{2131781A-1AB7-D6D9-0CD8-6307B9D20129}"
EndProject
Project("{FAE04EC0-301F-11D3-BF4B-00C04F79EFBC}") = "1-element_at", "csharp-arrays_lists_dictionaries\1-element_at\1-element_at.csproj", "{0CC69B64-8B3F-D541-5250-DDC56DA74F64}"
EndProject
Project("{FAE04EC0-301F-11D3-BF4B-00C04F79EFBC}") = "10-delete_key_value", "csharp-arrays_lists_dictionaries\10-delete_key_value\10-delete_key_value.csproj", "{9410FAE9-0D60-5609-1304-0EB8983850EB}"
EndProject
Project("{FAE04EC0-301F-11D3-BF4B-00C04F79EFBC}") = "100-jagged_array", "csharp-arrays_lists_dictionaries\100-jagged_array\100-jagged_array.csproj", "{FDF9C5C1-506E-0EFB-1AF5-ABDDF41A6BA6}"
EndProject
Project("{FAE04EC0-301F-11D3-BF4B-00C04F79EFBC}") = "11-multiply_by_2", "csharp-arrays_lists_dictionaries\11-multiply_by_2\11-multiply_by_2.csproj", "{CEC8537D-3022-5506-2992-59BBC0471D35}"
EndProject
Project("{FAE04EC0-301F-11D3-BF4B-00C04F79EFBC}") = "12-print_sorted_dictionary", "csharp-arrays_lists_dictionaries\12-print_sorted_dictionary\12-print_sorted_dictionary.csproj", "{20DB8D9E-1D74-5CE8-D45B-6AA927840337}"
EndProject
Project("{FAE04EC0-301F-11D3-BF4B-00C04F79EFBC}") = "13-best_score", "csharp-arrays_lists_dictionaries\13-best_score\13-best_score.csproj", "{F49A1B13-B5C3-CA20-84B1-F83BAD799C89}"
EndProject
Project("{FAE04EC0-301F-11D3-BF4B-00C04F79EFBC}") = "14-rectangular_array", "csharp-arrays_lists_dictionaries\14-rectangular_array\14-rectangular_array.csproj", "{B3CE904C-D919-065D-D0A2-E5D63D09496E}"
EndProject
Project("{FAE04EC0-301F-11D3-BF4B-00C04F79EFBC}") = "15-square_matrix", "csharp-arrays_lists_dictionaries\15-square_matrix\15-square_matrix.csproj", "{89B60E44-6FAF-FB24-A0A8-82E336C09133}"
EndProject
Project("{FAE04EC0-301F-11D3-BF4B-00C04F79EFBC}") = "2-replace_element", "csharp-arrays_lists_dictionaries\2-replace_element\2-replace_element.csproj", "{13ECB418-9CE9-C2CE-3963-BF802B4A7607}"
EndProject
Project("{FAE04EC0-301F-11D3-BF4B-00C04F79EFBC}") = "3-print_array_reverse", "csharp-arrays_lists_dictionaries\3-print_array_reverse\3-print_array_reverse.csproj", "{96E4046A-D2C4-58B8-A74A-FE68F22E170B}"
EndProject
Project("{FAE04EC0-301F-11D3-BF4B-00C04F79EFBC}") = "4-print_list", "csharp-arrays_lists_dictionaries\4-print_list\4-print_list.csproj", "{D348D8AF-4F18-CA3B-26ED-B645E2EFE7F5}"
EndProject
Project("{FAE04EC0-301F-11D3-BF4B-00C04F79EFBC}") = "5-max_integer", "csharp-arrays_lists_dictionaries\5-max_integer\5-max_integer.csproj", "{56B7A1BD-8F74-77FE-843D-5385C6A2A924}"
EndProject
Project("{FAE04EC0-301F-11D3-BF4B-00C04F79EFBC}") = "6-divisible_by_2", "csharp-arrays_lists_dictionaries\6-divisible_by_2\6-divisible_by_2.csproj", "{A05DCE5A-4C23-C8C2-4B24-B07CB5902354}"
EndProject
Project("{FAE04EC0-301F-11D3-BF4B-00C04F79EFBC}") = "7-delete_at", "csharp-arrays_lists_dictionaries\7-delete_at\7-delete_at.csproj", "{23D02483-04B6-5EDE-5EDB-707B9CC90EE4}"
EndProject
Project("{FAE04EC0-301F-11D3-BF4B-00C04F79EFBC}") = "8-number_keys", "csharp-arrays_lists_dictionaries\8-number_keys\8-number_keys.csproj", "{40C4A679-D2EE-0533-03B6-95BC9EC59F9D}"
EndProject
Project("{FAE04EC0-301F-11D3-BF4B-00C04F79EFBC}") = "9-add_key_value", "csharp-arrays_lists_dictionaries\9-add_key_value\9-add_key_value.csproj", "{FE6ACCEE-6B7B-9083-7E9C-CE70C7617452}"
EndProject
Project("{FAE04EC0-301F-11D3-BF4B-00C04F79EFBC}") = "0-safe_list_print", "csharp-exceptions\0-safe_list_print\0-safe_list_print.csproj", "{8CE367D7-7EBB-6E74-ADAF-3A16C5A538E0}"
EndProject
Project("{FAE04EC0-301F-11D3-BF4B-00C04F79EFBC}") = "1-divide_print", "csharp-exceptions\1-divide_print\1-divide_print.csproj", "{9EB4B1F0-053F-D567-954B-DB0DE110DEE8}"
EndProject
Project("{FAE04EC0-301F-11D3-BF4B-00C04F79EFBC}") = "2-divide_lists", "csharp-exceptions\2-divide_lists\2-divide_lists.csproj", "{C7735942-6B4F-0543-FC10-60FE76765F3E}"
EndProject
Project("{FAE04EC0-301F-11D3-BF4B-00C04F79EFBC}") = "0-unique_add", "csharp-hashset_stack_queue_linkedlist\0-unique_add\0-unique_add.csproj", "{1828E17B-A9F2-95F2-864B-643274AF8091}"
EndProject
Project("{FAE04EC0-301F-11D3-BF4B-00C04F79EFBC}") = "1-common_elements", "csharp-hashset_stack_queue_linkedlist\1-common_elements\1-common_elements.csproj", "{B367A449-C8B2-0A12-A195-9980248A6BE9}"
EndProject
Project("{FAE04EC0-301F-11D3-BF4B-00C04F79EFBC}") = "10-linkedlist_get_node", "csharp-hashset_stack_queue_linkedlist\10-linkedlist_get_node\10-linkedlist_get_node.csproj", "{4878DB01-2D0B-F5F1-62F5-CB713DC64174}"
EndProject
Project("{FAE04EC0-301F-11D3-BF4B-00C04F79EFBC}") = "11-linkedlist_sum", "csharp-hashset_stack_queue_linkedlist\11-linkedlist_sum\11-linkedlist_sum.csproj", "{CDAD04EA-7AA8-60EA-9A24-4ECDF3B59DBE}"
EndProject
Project("{FAE04EC0-301F-11D3-BF4B-00C04F79EFBC}") = "12-linkedlist_insert", "csharp-hashset_stack_queue_linkedlist\12-linkedlist_insert\12-linkedlist_insert.csproj", "{D0958FFA-6651-99C7-1877-34EA60A9F23F}"
EndProject
Project("{FAE04EC0-301F-11D3-BF4B-00C04F79EFBC}") = "13-linkedlist_delete", "csharp-hashset_stack_queue_linkedlist\13-linkedlist_delete\13-linkedlist_delete.csproj", "{232B5353-FCBA-D8C8-BCDE-0423B892CCD1}"
EndProject
Project("{FAE04EC0-301F-11D3-BF4B-00C04F79EFBC}") = "2-different_elements", "csharp-hashset_stack_queue_linkedlist\2-different_elements\2-different_elements.csproj", "{598E4DB0-CC49-AAA3-B9CA-52231398D272}"
EndProject
Project("{FAE04EC0-301F-11D3-BF4B-00C04F79EFBC}") = "3-stack_push_pop", "csharp-hashset_stack_queue_linkedlist\3-stack_push_pop\3-stack_push_pop.csproj", "{BDC8C159-C58A-03A1-254C-B151E59F7F8C}"
EndProject
Project("{FAE04EC0-301F-11D3-BF4B-00C04F79EFBC}") = "4-queue_enqueue_dequeue", "csharp-hashset_stack_queue_linkedlist\4-queue_enqueue_dequeue\4-queue_enqueue_dequeue.csproj", "{3FDB330F-3D70-8ED5-D14B-1BC9620179F2}"
EndProject
Project("{FAE04EC0-301F-11D3-BF4B-00C04F79EFBC}") = "5-print_linkedlist", "csharp-hashset_stack_queue_linkedlist\5-print_linkedlist\5-print_linkedlist.csproj", "{BDF06988-6CDF-4069-3213-3CAB2090A840}"
EndProject
Project("{FAE04EC0-301F-11D3-BF4B-00C04F79EFBC}") = "6-linkedlist_length", "csharp-hashset_stack_queue_linkedlist\6-linkedlist_length\6-linkedlist_length.csproj", "{8CE9123F-CFB8-5B34-460B-D9B15C85B2D1}"
EndProject
Project("{FAE04EC0-301F-11D3-BF4B-00C04F79EFBC}") = "7-linkedlist_add", "csharp-hashset_stack_queue_linkedlist\7-linkedlist_add\7-linkedlist_add.csproj", "{1B96774F-1FB9-C867-F094-E5307DA19725}"
EndProject
Project("{FAE04EC0-301F-11D3-BF4B-00C04F79EFBC}") = "8-linkedlist_find", "csharp-hashset_stack_queue_linkedlist\8-linkedlist_find\8-linkedlist_find.csproj", "{EE1B5708-6388-93D7-0BDD-D598A8925C5E}"
EndProject
Project("{FAE04EC0-301F-11D3-BF4B-00C04F79EFBC}") = "9-linkedlist_pop", "csharp-hashset_stack_queue_linkedlist\9-linkedlist_pop\9-linkedlist_pop.csproj", "{D9BF9F9F-79D1-1033-E642-0D66808A16F9}"
EndProject
Project("{FAE04EC0-301F-11D3-BF4B-00C04F79EFBC}") = "10-copy_cut_paste", "csharp-hello_world\10-copy_cut_paste\10-copy_cut_paste.csproj", "{E3DD75F4-F7FA-61FE-635F-6B40A388188B}"
EndProject
Project("{FAE04EC0-301F-11D3-BF4B-00C04F79EFBC}") = "11-concat_edges", "csharp-hello_world\11-concat_edges\11-concat_edges.csproj", "{E7037999-7BC4-367D-7A78-4830DF9BFA1E}"
EndProject
Project("{FAE04EC0-301F-11D3-BF4B-00C04F79EFBC}") = "3-writeline", "csharp-hello_world\3-writeline\3-writeline.csproj", "{3BF30862-EE60-B2EC-5C5D-2D804B4BBC0D}"
EndProject
Project("{FAE04EC0-301F-11D3-BF4B-00C04F79EFBC}") = "4-print_integer", "csharp-hello_world\4-print_integer\4-print_integer.csproj", "{EB720A48-28FA-62FE-8418-0DE9A82BF9A4}"
EndProject
Project("{FAE04EC0-301F-11D3-BF4B-00C04F79EFBC}") = "5-print_float", "csharp-hello_world\5-print_float\5-print_float.csproj", "{A30E45A0-BAA3-35FE-7EED-9982766424C6}"
EndProject
Project("{FAE04EC0-301F-11D3-BF4B-00C04F79EFBC}") = "6-print_string", "csharp-hello_world\6-print_string\6-print_string.csproj", "{AC0DDBD2-C691-135A-20D9-15012B7724EB}"
EndProject
Project("{FAE04EC0-301F-11D3-BF4B-00C04F79EFBC}") = "7-concat", "csharp-hello_world\7-concat\7-concat.csproj", "{13DE63ED-C989-4CF0-4DE2-BEAB3F66CD94}"
EndProject
Project("{FAE04EC0-301F-11D3-BF4B-00C04F79EFBC}") = "8-print_variables", "csharp-hello_world\8-print_variables\8-print_variables.csproj", "{8A9ED701-2B89-423C-CBCF-503F76975B8F}"
EndProject
Project("{FAE04EC0-301F-11D3-BF4B-00C04F79EFBC}") = "9-print_specifiers", "csharp-hello_world\9-print_specifiers\9-print_specifiers.csproj", "{82CFDCE8-89C4-DA5F-1192-A86FD08D3322}"
EndProject
Project("{FAE04EC0-301F-11D3-BF4B-00C04F79EFBC}") = "0-positive_or_negative", "csharp-ifelse_loops_methods\0-positive_or_negative\0-positive_or_negative.csproj", "{883FCC6B-2C60-0823-8072-6E7284FE8EBA}"
EndProject
Project("{FAE04EC0-301F-11D3-BF4B-00C04F79EFBC}") = "1-last_digit", "csharp-ifelse_loops_methods\1-last_digit\1-last_digit.csproj", "{14EB4CCA-93E2-FD2D-58A9-9C01FD9F4BCE}"
EndProject
Project("{FAE04EC0-301F-11D3-BF4B-00C04F79EFBC}") = "10-print_line", "csharp-ifelse_loops_methods\10-print_line\10-print_line.csproj", "{F5122BBB-4F60-6036-5354-BFDEAD60EC5F}"
EndProject
Project("{FAE04EC0-301F-11D3-BF4B-00C04F79EFBC}") = "11-print_diagonal", "csharp-ifelse_loops_methods\11-print_diagonal\11-print_diagonal.csproj", "{73C68404-4C46-3BC8-51E7-4D11593E5086}"
EndProject
Project("{FAE04EC0-301F-11D3-BF4B-00C04F79EFBC}") = "12-fizzbuzz", "csharp-ifelse_loops_methods\12-fizzbuzz\12-fizzbuzz.csproj", "{8D63FF12-F72B-C3D6-EA03-5B01D3162CDF}"
EndProject
Project("{FAE04EC0-301F-11D3-BF4B-00C04F79EFBC}") = "2-print_alphabet", "csharp-ifelse_loops_methods\2-print_alphabet\2-print_alphabet.csproj", "{4480DC1F-D54C-1AA1-469E-B7D62701CAEA}"
EndProject
Project("{FAE04EC0-301F-11D3-BF4B-00C04F79EFBC}") = "3-print_alphabt", "csharp-ifelse_loops_methods\3-print_alphabt\3-print_alphabt.csproj", "{9E38225F-F19D-0C1D-C28D-C9B443EA50F3}"
EndProject
Project("{FAE04EC0-301F-11D3-BF4B-00C04F79EFBC}") = "4-print_hexa", "csharp-ifelse_loops_methods\4-print_hexa\4-print_hexa.csproj", "{1D061F44-801E-B557-86DE-D5537B913AAA}"
EndProject
Project("{FAE04EC0-301F-11D3-BF4B-00C04F79EFBC}") = "5-print_comb", "csharp-ifelse_loops_methods\5-print_comb\5-print_comb.csproj", "{042B833C-A5E1-E031-A0FF-98CEAF53B1B6}"
EndProject
Project("{FAE04EC0-301F-11D3-BF4B-00C04F79EFBC}") = "6-print_comb2", "csharp-ifelse_loops_methods\6-print_comb2\6-print_comb2.csproj", "{6CBD6397-376C-F6D6-C64F-3BBB51633F58}"
EndProject
Project("{FAE04EC0-301F-11D3-BF4B-00C04F79EFBC}") = "7-islower", "csharp-ifelse_loops_methods\7-islower\7-islower.csproj", "{78939B1E-2F30-C516-C40A-18B1FA318D13}"
EndProject
Project("{FAE04EC0-301F-11D3-BF4B-00C04F79EFBC}") = "8-print_last_digit", "csharp-ifelse_loops_methods\8-print_last_digit\8-print_last_digit.csproj", "{6AF554C0-ACA4-3027-68E7-79ABC4611B48}"
EndProject
Project("{FAE04EC0-301F-11D3-BF4B-00C04F79EFBC}") = "9-add", "csharp-ifelse_loops_methods\9-add\9-add.csproj", "{14D9DC66-1138-9D10-188A-26B5FC33683E}"
EndProject
Global
	GlobalSection(SolutionConfigurationPlatforms) = preSolution
		Debug|Any CPU = Debug|Any CPU
		Release|Any CPU = Release|Any CPU
	EndGlobalSection
	GlobalSection(ProjectConfigurationPlatforms) = postSolution
		{2131781A-1AB7-D6D9-0CD8-6307B9D20129}.Debug|Any CPU.ActiveCfg = Debug|Any CPU
		{2131781A-1AB7-D6D9-0CD8-6307B9D20129}.Debug|Any CPU.Build.0 = Debug|Any CPU
		{2131781A-1AB7-D6D9-0CD8-6307B9D20129}.Release|Any CPU.ActiveCfg = Release|Any CPU
		{2131781A-1AB7-D6D9-0CD8-6307B9D20129}.Release|Any CPU.Build.0 = Release|Any CPU
		{0CC69B64-8B3F-D541-5250-DDC56DA74F64}.Debug|Any CPU.ActiveCfg = Debug|Any CPU
		{0CC69B64-8B3F-D541-5250-DDC56DA74F64}.Debug|Any CPU.Build.0 = Debug|Any CPU
		{0CC69B64-8B3F-D541-5250-DDC56DA74F64}.Release|Any CPU.ActiveCfg = Release|Any CPU
		{0CC69B64-8B3F-D541-5250-DDC56DA74F64}.Release|Any CPU.Build.0 = Release|Any CPU
		{9410FAE9-0D60-5609-1304-0EB8983850EB}.Debug|Any CPU.ActiveCfg = Debug|Any CPU
		{9410FAE9-0D60-5609-1304-0EB8983850EB}.Debug|Any CPU.Build.0 = Debug|Any CPU
		{9410FAE9-0D60-5609-1304-0EB8983850EB}.Release|Any CPU.ActiveCfg = Release|Any CPU
		{9410FAE9-0D60-5609-1304-0EB8983850EB}.Release|Any CPU.Build.0 = Release|Any CPU
		{FDF9C5C1-506E-0EFB-1AF5-ABDDF41A6BA6}.Debug|Any CPU.ActiveCfg = Debug|Any CPU
		{FDF9C5C1-506E-0EFB-1AF5-ABDDF41A6BA6}.Debug|Any CPU.Build.0 = Debug|Any CPU
		{FDF9C5C1-506E-0EFB-1AF5-ABDDF41A6BA6}.Release|Any CPU.ActiveCfg = Release|Any CPU
		{FDF9C5C1-506E-0EFB-1AF5-ABDDF41A6BA6}.Release|Any CPU.Build.0 = Release|Any CPU
		{CEC8537D-3022-5506-2992-59BBC0471D35}.Debug|Any CPU.ActiveCfg = Debug|Any CPU
		{CEC8537D-3022-5506-2992-59BBC0471D35}.Debug|Any CPU.Build.0 = Debug|Any CPU
		{CEC8537D-3022-5506-2992-59BBC0471D35}.Release|Any CPU.ActiveCfg = Release|Any CPU
		{CEC8537D-3022-5506-2992-59BBC0471D35}.Release|Any CPU.Build.0 = Release|Any CPU
		{20DB8D9E-1D74-5CE8-D45B-6AA927840337}.Debug|Any CPU.ActiveCfg = Debug|Any CPU
		{20DB8D9E-1D74-5CE8-D45B-6AA927840337}.Debug|Any CPU.Build.0 = Debug|Any CPU
		{20DB8D9E-1D74-5CE8-D45B-6AA927840337}.Release|Any CPU.ActiveCfg = Release|Any CPU
		{20DB8D9E-1D74-5CE8-D45B-6AA927840337}.Release|Any CPU.Build.0 = Release|Any CPU
		{F49A1B13-B5C3-CA20-84B1-F83BAD799C89}.Debug|Any CPU.ActiveCfg = Debug|Any CPU
		{F49A1B13-B5C3-CA20-84B1-F83BAD799C89}.Debug|Any CPU.Build.0 = Debug|Any CPU
		{F49A1B13-B5C3-CA20-84B1-F83BAD799C89}.Release|Any CPU.ActiveCfg = Release|Any CPU
		{F49A1B13-B5C3-CA20-84B1-F83BAD799C89}.Release|Any CPU.Build.0 = Release|Any CPU
		{B3CE904C-D919-065D-D0A2-E5D63D09496E}.Debug|Any CPU.ActiveCfg = Debug|Any CPU
		{B3CE904C-D919-065D-D0A2-E5D63D09496E}.Debug|Any CPU.Build.0 = Debug|Any CPU
		{B3CE904C-D919-065D-D0A2-E5D63D09496E}.Release|Any CPU.ActiveCfg = Release|Any CPU
		{B3CE904C-D919-065D-D0A2-E5D63D09496E}.Release|Any CPU.Build.0 = Release|Any CPU
		{89B60E44-6FAF-FB24-A0A8-82E336C09133}.Debug|Any CPU.ActiveCfg = Debug|Any CPU
		{89B60E44-6FAF-FB24-A0A8-82E336C09133}.Debug|Any CPU.Build.0 = Debug|Any CPU
		{89B60E44-6FAF-FB24-A0A8-82E336C09133}.Release|Any CPU.ActiveCfg = Release|Any CPU
		{89B60E44-6FAF-FB24-A0A8-82E336C09133}.Release|Any CPU.Build.0 = Release|Any CPU
		{13ECB418-9CE9-C2CE-3963-BF802B4A7607}.Debug|Any CPU.ActiveCfg = Debug|Any CPU
		{13ECB418-9CE9-C2CE-3963-BF802B4A7607}.Debug|Any CPU.Build.0 = Debug|Any CPU
		{13ECB418-9CE9-C2CE-3963-BF802B4A7607}.Release|Any CPU.ActiveCfg = Release|Any CPU
		{13ECB418-9CE9-C2CE-3963-BF802B4A7607}.Release|Any CPU.Build.0 = Release|Any CPU
		{96E4046A-D2C4-58B8-A74A-FE68F22E170B}.Debug|Any CPU.ActiveCfg = Debug|Any CPU
		{96E4046A-D2C4-58B8-A74A-FE68F22E170B}.Debug|Any CPU.Build.0 = Debug|Any CPU
		{96E4046A-D2C4-58B8-A74A-FE68F22E170B}.Release|Any CPU.ActiveCfg = Release|Any CPU
		{96E4046A-D2C4-58B8-A74A-FE68F22E170B}.Release|Any CPU.Build.0 = Release|Any CPU
		{D348D8AF-4F18-CA3B-26ED-B645E2EFE7F5}.Debug|Any CPU.ActiveCfg = Debug|Any CPU
		{D348D8AF-4F18-CA3B-26ED-B645E2EFE7F5}.Debug|Any CPU.Build.0 = Debug|Any CPU
		{D348D8AF-4F18-CA3B-26ED-B645E2EFE7F5}.Release|Any CPU.ActiveCfg = Release|Any CPU
		{D348D8AF-4F18-CA3B-26ED-B645E2EFE7F5}.Release|Any CPU.Build.0 = Release|Any CPU
		{56B7A1BD-8F74-77FE-843D-5385C6A2A924}.Debug|Any CPU.ActiveCfg = Debug|Any CPU
		{56B7A1BD-8F74-77FE-843D-5385C6A2A924}.Debug|Any CPU.Build.0 = Debug|Any CPU
		{56B7A1BD-8F74-77FE-843D-5385C6A2A924}.Release|Any CPU.ActiveCfg = Release|Any CPU
		{56B7A1BD-8F74-77FE-843D-5385C6A2A924}.Release|Any CPU.Build.0 = Release|Any CPU
		{A05DCE5A-4C23-C8C2-4B24-B07CB5902354}.Debug|Any CPU.ActiveCfg = Debug|Any CPU
		{A05DCE5A-4C23-C8C2-4B24-B07CB5902354}.Debug|Any CPU.Build.0 = Debug|Any CPU
		{A05DCE5A-4C23-C8C2-4B24-B07CB5902354}.Release|Any CPU.ActiveCfg = Release|Any CPU
		{A05DCE5A-4C23-C8C2-4B24-B07CB5902354}.Release|Any CPU.Build.0 = Release|Any CPU
		{23D02483-04B6-5EDE-5EDB-707B9CC90EE4}.Debug|Any CPU.ActiveCfg = Debug|Any CPU
		{23D02483-04B6-5EDE-5EDB-707B9CC90EE4}.Debug|Any CPU.Build.0 = Debug|Any CPU
		{23D02483-04B6-5EDE-5EDB-707B9CC90EE4}.Release|Any CPU.ActiveCfg = Release|Any CPU
		{23D02483-04B6-5EDE-5EDB-707B9CC90EE4}.Release|Any CPU.Build.0 = Release|Any CPU
		{40C4A679-D2EE-0533-03B6-95BC9EC59F9D}.Debug|Any CPU.ActiveCfg = Debug|Any CPU
		{40C4A679-D2EE-0533-03B6-95BC9EC59F9D}.Debug|Any CPU.Build.0 = Debug|Any CPU
		{40C4A679-D2EE-0533-03B6-95BC9EC59F9D}.Release|Any CPU.ActiveCfg = Release|Any CPU
		{40C4A679-D2EE-0533-03B6-95BC9EC59F9D}.Release|Any CPU.Build.0 = Release|Any CPU
		{FE6ACCEE-6B7B-9083-7E9C-CE70C7617452}.Debug|Any CPU.ActiveCfg = Debug|Any CPU
		{FE6ACCEE-6B7B-9083-7E9C-CE70C7617452}.Debug|Any CPU.Build.0 = Debug|Any CPU
		{FE6ACCEE-6B7B-9083-7E9C-CE70C7617452}.Release|Any CPU.ActiveCfg = Release|Any CPU
		{FE6ACCEE-6B7B-9083-7E9C-CE70C7617452}.Release|Any CPU.Build.0 = Release|Any CPU
		{8CE367D7-7EBB-6E74-ADAF-3A16C5A538E0}.Debug|Any CPU.ActiveCfg = Debug|Any CPU
		{8CE367D7-7EBB-6E74-ADAF-3A16C5A538E0}.Debug|Any CPU.Build.0 = Debug|Any CPU
		{8CE367D7-7EBB-6E74-ADAF-3A16C5A538E0}.Release|Any CPU.ActiveCfg = Release|Any CPU
		{8CE367D7-7EBB-6E74-ADAF-3A16C5A538E0}.Release|Any CPU.Build.0 = Release|Any CPU
		{9EB4B1F0-053F-D567-954B-DB0DE110DEE8}.Debug|Any CPU.ActiveCfg = Debug|Any CPU
		{9EB4B1F0-053F-D567-954B-DB0DE110DEE8}.Debug|Any CPU.Build.0 = Debug|Any CPU
		{9EB4B1F0-053F-D567-954B-DB0DE110DEE8}.Release|Any CPU.ActiveCfg = Release|Any CPU
		{9EB4B1F0-053F-D567-954B-DB0DE110DEE8}.Release|Any CPU.Build.0 = Release|Any CPU
		{C7735942-6B4F-0543-FC10-60FE76765F3E}.Debug|Any CPU.ActiveCfg = Debug|Any CPU
		{C7735942-6B4F-0543-FC10-60FE76765F3E}.Debug|Any CPU.Build.0 = Debug|Any CPU
		{C7735942-6B4F-0543-FC10-60FE76765F3E}.Release|Any CPU.ActiveCfg = Release|Any CPU
		{C7735942-6B4F-0543-FC10-60FE76765F3E}.Release|Any CPU.Build.0 = Release|Any CPU
		{1828E17B-A9F2-95F2-864B-643274AF8091}.Debug|Any CPU.ActiveCfg = Debug|Any CPU
		{1828E17B-A9F2-95F2-864B-643274AF8091}.Debug|Any CPU.Build.0 = Debug|Any CPU
		{1828E17B-A9F2-95F2-864B-643274AF8091}.Release|Any CPU.ActiveCfg = Release|Any CPU
		{1828E17B-A9F2-95F2-864B-643274AF8091}.Release|Any CPU.Build.0 = Release|Any CPU
		{B367A449-C8B2-0A12-A195-9980248A6BE9}.Debug|Any CPU.ActiveCfg = Debug|Any CPU
		{B367A449-C8B2-0A12-A195-9980248A6BE9}.Debug|Any CPU.Build.0 = Debug|Any CPU
		{B367A449-C8B2-0A12-A195-9980248A6BE9}.Release|Any CPU.ActiveCfg = Release|Any CPU
		{B367A449-C8B2-0A12-A195-9980248A6BE9}.Release|Any CPU.Build.0 = Release|Any CPU
		{4878DB01-2D0B-F5F1-62F5-CB713DC64174}.Debug|Any CPU.ActiveCfg = Debug|Any CPU
		{4878DB01-2D0B-F5F1-62F5-CB713DC64174}.Debug|Any CPU.Build.0 = Debug|Any CPU
		{4878DB01-2D0B-F5F1-62F5-CB713DC64174}.Release|Any CPU.ActiveCfg = Release|Any CPU
		{4878DB01-2D0B-F5F1-62F5-CB713DC64174}.Release|Any CPU.Build.0 = Release|Any CPU
		{CDAD04EA-7AA8-60EA-9A24-4ECDF3B59DBE}.Debug|Any CPU.ActiveCfg = Debug|Any CPU
		{CDAD04EA-7AA8-60EA-9A24-4ECDF3B59DBE}.Debug|Any CPU.Build.0 = Debug|Any CPU
		{CDAD04EA-7AA8-60EA-9A24-4ECDF3B59DBE}.Release|Any CPU.ActiveCfg = Release|Any CPU
		{CDAD04EA-7AA8-60EA-9A24-4ECDF3B59DBE}.Release|Any CPU.Build.0 = Release|Any CPU
		{D0958FFA-6651-99C7-1877-34EA60A9F23F}.Debug|Any CPU.ActiveCfg = Debug|Any CPU
		{D0958FFA-6651-99C7-1877-34EA60A9F23F}.Debug|Any CPU.Build.0 = Debug|Any CPU
		{D0958FFA-6651-99C7-1877-34EA60A9F23F}.Release|Any CPU.ActiveCfg = Release|Any CPU
		{D0958FFA-6651-99C7-1877-34EA60A9F23F}.Release|Any CPU.Build.0 = Release|Any CPU
		{232B5353-FCBA-D8C8-BCDE-0423B892CCD1}.Debug|Any CPU.ActiveCfg = Debug|Any CPU
		{232B5353-FCBA-D8C8-BCDE-0423B892CCD1}.Debug|Any CPU.Build.0 = Debug|Any CPU
		{232B5353-FCBA-D8C8-BCDE-0423B892CCD1}.Release|Any CPU.ActiveCfg = Release|Any CPU
		{232B5353-FCBA-D8C8-BCDE-0423B892CCD1}.Release|Any CPU.Build.0 = Release|Any CPU
		{598E4DB0-CC49-AAA3-B9CA-52231398D272}.Debug|Any CPU.ActiveCfg = Debug|Any CPU
		{598E4DB0-CC49-AAA3-B9CA-52231398D272}.Debug|Any CPU.Build.0 = Debug|Any CPU
		{598E4DB0-CC49-AAA3-B9CA-52231398D272}.Release|Any CPU.ActiveCfg = Release|Any CPU
		{598E4DB0-CC49-AAA3-B9CA-52231398D272}.Release|Any CPU.Build.0 = Release|Any CPU
		{BDC8C159-C58A-03A1-254C-B151E59F7F8C}.Debug|Any CPU.ActiveCfg = Debug|Any CPU
		{BDC8C159-C58A-03A1-254C-B151E59F7F8C}.Debug|Any CPU.Build.0 = Debug|Any CPU
		{BDC8C159-C58A-03A1-254C-B151E59F7F8C}.Release|Any CPU.ActiveCfg = Release|Any CPU
		{BDC8C159-C58A-03A1-254C-B151E59F7F8C}.Release|Any CPU.Build.0 = Release|Any CPU
		{3FDB330F-3D70-8ED5-D14B-1BC9620179F2}.Debug|Any CPU.ActiveCfg = Debug|Any CPU
		{3FDB330F-3D70-8ED5-D14B-1BC9620179F2}.Debug|Any CPU.Build.0 = Debug|Any CPU
		{3FDB330F-3D70-8ED5-D14B-1BC9620179F2}.Release|Any CPU.ActiveCfg = Release|Any CPU
		{3FDB330F-3D70-8ED5-D14B-1BC9620179F2}.Release|Any CPU.Build.0 = Release|Any CPU
		{BDF06988-6CDF-4069-3213-3CAB2090A840}.Debug|Any CPU.ActiveCfg = Debug|Any CPU
		{BDF06988-6CDF-4069-3213-3CAB2090A840}.Debug|Any CPU.Build.0 = Debug|Any CPU
		{BDF06988-6CDF-4069-3213-3CAB2090A840}.Release|Any CPU.ActiveCfg = Release|Any CPU
		{BDF06988-6CDF-4069-3213-3CAB2090A840}.Release|Any CPU.Build.0 = Release|Any CPU
		{8CE9123F-CFB8-5B34-460B-D9B15C85B2D1}.Debug|Any CPU.ActiveCfg = Debug|Any CPU
		{8CE9123F-CFB8-5B34-460B-D9B15C85B2D1}.Debug|Any CPU.Build.0 = Debug|Any CPU
		{8CE9123F-CFB8-5B34-460B-D9B15C85B2D1}.Release|Any CPU.ActiveCfg = Release|Any CPU
		{8CE9123F-CFB8-5B34-460B-D9B15C85B2D1}.Release|Any CPU.Build.0 = Release|Any CPU
		{1B96774F-1FB9-C867-F094-E5307DA19725}.Debug|Any CPU.ActiveCfg = Debug|Any CPU
		{1B96774F-1FB9-C867-F094-E5307DA19725}.Debug|Any CPU.Build.0 = Debug|Any CPU
		{1B96774F-1FB9-C867-F094-E5307DA19725}.Release|Any CPU.ActiveCfg = Release|Any CPU
		{1B96774F-1FB9-C867-F094-E5307DA19725}.Release|Any CPU.Build.0 = Release|Any CPU
		{EE1B5708-6388-93D7-0BDD-D598A8925C5E}.Debug|Any CPU.ActiveCfg = Debug|Any CPU
		{EE1B5708-6388-93D7-0BDD-D598A8925C5E}.Debug|Any CPU.Build.0 = Debug|Any CPU
		{EE1B5708-6388-93D7-0BDD-D598A8925C5E}.Release|Any CPU.ActiveCfg = Release|Any CPU
		{EE1B5708-6388-93D7-0BDD-D598A8925C5E}.Release|Any CPU.Build.0 = Release|Any CPU
		{D9BF9F9F-79D1-1033-E642-0D66808A16F9}.Debug|Any CPU.ActiveCfg = Debug|Any CPU
		{D9BF9F9F-79D1-1033-E642-0D66808A16F9}.Debug|Any CPU.Build.0 = Debug|Any CPU
		{D9BF9F9F-79D1-1033-E642-0D66808A16F9}.Release|Any CPU.ActiveCfg = Release|Any CPU
		{D9BF9F9F-79D1-1033-E642-0D66808A16F9}.Release|Any CPU.Build.0 = Release|Any CPU
		{E3DD75F4-F7FA-61FE-635F-6B40A388188B}.Debug|Any CPU.ActiveCfg = Debug|Any CPU
		{E3DD75F4-F7FA-61FE-635F-6B40A388188B}.Debug|Any CPU.Build.0 = Debug|Any CPU
		{E3DD75F4-F7FA-61FE-635F-6B40A388188B}.Release|Any CPU.ActiveCfg = Release|Any CPU
		{E3DD75F4-F7FA-61FE-635F-6B40A388188B}.Release|Any CPU.Build.0 = Release|Any CPU
		{E7037999-7BC4-367D-7A78-4830DF9BFA1E}.Debug|Any CPU.ActiveCfg = Debug|Any CPU
		{E7037999-7BC4-367D-7A78-4830DF9BFA1E}.Debug|Any CPU.Build.0 = Debug|Any CPU
		{E7037999-7BC4-367D-7A78-4830DF9BFA1E}.Release|Any CPU.ActiveCfg = Release|Any CPU
		{E7037999-7BC4-367D-7A78-4830DF9BFA1E}.Release|Any CPU.Build.0 = Release|Any CPU
		{3BF30862-EE60-B2EC-5C5D-2D804B4BBC0D}.Debug|Any CPU.ActiveCfg = Debug|Any CPU
		{3BF30862-EE60-B2EC-5C5D-2D804B4BBC0D}.Debug|Any CPU.Build.0 = Debug|Any CPU
		{3BF30862-EE60-B2EC-5C5D-2D804B4BBC0D}.Release|Any CPU.ActiveCfg = Release|Any CPU
		{3BF30862-EE60-B2EC-5C5D-2D804B4BBC0D}.Release|Any CPU.Build.0 = Release|Any CPU
		{EB720A48-28FA-62FE-8418-0DE9A82BF9A4}.Debug|Any CPU.ActiveCfg = Debug|Any CPU
		{EB720A48-28FA-62FE-8418-0DE9A82BF9A4}.Debug|Any CPU.Build.0 = Debug|Any CPU
		{EB720A48-28FA-62FE-8418-0DE9A82BF9A4}.Release|Any CPU.ActiveCfg = Release|Any CPU
		{EB720A48-28FA-62FE-8418-0DE9A82BF9A4}.Release|Any CPU.Build.0 = Release|Any CPU
		{A30E45A0-BAA3-35FE-7EED-9982766424C6}.Debug|Any CPU.ActiveCfg = Debug|Any CPU
		{A30E45A0-BAA3-35FE-7EED-9982766424C6}.Debug|Any CPU.Build.0 = Debug|Any CPU
		{A30E45A0-BAA3-35FE-7EED-9982766424C6}.Release|Any CPU.ActiveCfg = Release|Any CPU
		{A30E45A0-BAA3-35FE-7EED-9982766424C6}.Release|Any CPU.Build.0 = Release|Any CPU
		{AC0DDBD2-C691-135A-20D9-15012B7724EB}.Debug|Any CPU.ActiveCfg = Debug|Any CPU
		{AC0DDBD2-C691-135A-20D9-15012B7724EB}.Debug|Any CPU.Build.0 = Debug|Any CPU
		{AC0DDBD2-C691-135A-20D9-15012B7724EB}.Release|Any CPU.ActiveCfg = Release|Any CPU
		{AC0DDBD2-C691-135A-20D9-15012B7724EB}.Release|Any CPU.Build.0 = Release|Any CPU
		{13DE63ED-C989-4CF0-4DE2-BEAB3F66CD94}.Debug|Any CPU.ActiveCfg = Debug|Any CPU
		{13DE63ED-C989-4CF0-4DE2-BEAB3F66CD94}.Debug|Any CPU.Build.0 = Debug|Any CPU
		{13DE63ED-C989-4CF0-4DE2-BEAB3F66CD94}.Release|Any CPU.ActiveCfg = Release|Any CPU
		{13DE63ED-C989-4CF0-4DE2-BEAB3F66CD94}.Release|Any CPU.Build.0 = Release|Any CPU
		{8A9ED701-2B89-423C-CBCF-503F76975B8F}.Debug|Any CPU.ActiveCfg = Debug|Any CPU
		{8A9ED701-2B89-423C-CBCF-503F76975B8F}.Debug|Any CPU.Build.0 = Debug|Any CPU
		{8A9ED701-2B89-423C-CBCF-503F76975B8F}.Release|Any CPU.ActiveCfg = Release|Any CPU
		{8A9ED701-2B89-423C-CBCF-503F76975B8F}.Release|Any CPU.Build.0 = Release|Any CPU
		{82CFDCE8-89C4-DA5F-1192-A86FD08D3322}.Debug|Any CPU.ActiveCfg = Debug|Any CPU
		{82CFDCE8-89C4-DA5F-1192-A86FD08D3322}.Debug|Any CPU.Build.0 = Debug|Any CPU
		{82CFDCE8-89C4-DA5F-1192-A86FD08D3322}.Release|Any CPU.ActiveCfg = Release|Any CPU
		{82CFDCE8-89C4-DA5F-1192-A86FD08D3322}.Release|Any CPU.Build.0 = Release|Any CPU
		{883FCC6B-2C60-0823-8072-6E7284FE8EBA}.Debug|Any CPU.ActiveCfg = Debug|Any CPU
		{883FCC6B-2C60-0823-8072-6E7284FE8EBA}.Debug|Any CPU.Build.0 = Debug|Any CPU
		{883FCC6B-2C60-0823-8072-6E7284FE8EBA}.Release|Any CPU.ActiveCfg = Release|Any CPU
		{883FCC6B-2C60-0823-8072-6E7284FE8EBA}.Release|Any CPU.Build.0 = Release|Any CPU
		{14EB4CCA-93E2-FD2D-58A9-9C01FD9F4BCE}.Debug|Any CPU.ActiveCfg = Debug|Any CPU
		{14EB4CCA-93E2-FD2D-58A9-9C01FD9F4BCE}.Debug|Any CPU.Build.0 = Debug|Any CPU
		{14EB4CCA-93E2-FD2D-58A9-9C01FD9F4BCE}.Release|Any CPU.ActiveCfg = Release|Any CPU
		{14EB4CCA-93E2-FD2D-58A9-9C01FD9F4BCE}.Release|Any CPU.Build.0 = Release|Any CPU
		{F5122BBB-4F60-6036-5354-BFDEAD60EC5F}.Debug|Any CPU.ActiveCfg = Debug|Any CPU
		{F5122BBB-4F60-6036-5354-BFDEAD60EC5F}.Debug|Any CPU.Build.0 = Debug|Any CPU
		{F5122BBB-4F60-6036-5354-BFDEAD60EC5F}.Release|Any CPU.ActiveCfg = Release|Any CPU
		{F5122BBB-4F60-6036-5354-BFDEAD60EC5F}.Release|Any CPU.Build.0 = Release|Any CPU
		{73C68404-4C46-3BC8-51E7-4D11593E5086}.Debug|Any CPU.ActiveCfg = Debug|Any CPU
		{73C68404-4C46-3BC8-51E7-4D11593E5086}.Debug|Any CPU.Build.0 = Debug|Any CPU
		{73C68404-4C46-3BC8-51E7-4D11593E5086}.Release|Any CPU.ActiveCfg = Release|Any CPU
		{73C68404-4C46-3BC8-51E7-4D11593E5086}.Release|Any CPU.Build.0 = Release|Any CPU
		{8D63FF12-F72B-C3D6-EA03-5B01D3162CDF}.Debug|Any CPU.ActiveCfg = Debug|Any CPU
		{8D63FF12-F72B-C3D6-EA03-5B01D3162CDF}.Debug|Any CPU.Build.0 = Debug|Any CPU
		{8D63FF12-F72B-C3D6-EA03-5B01D3162CDF}.Release|Any CPU.ActiveCfg = Release|Any CPU
		{8D63FF12-F72B-C3D6-EA03-5B01D3162CDF}.Release|Any CPU.Build.0 = Release|Any CPU
		{4480DC1F-D54C-1AA1-469E-B7D62701CAEA}.Debug|Any CPU.ActiveCfg = Debug|Any CPU
		{4480DC1F-D54C-1AA1-469E-B7D62701CAEA}.Debug|Any CPU.Build.0 = Debug|Any CPU
		{4480DC1F-D54C-1AA1-469E-B7D62701CAEA}.Release|Any CPU.ActiveCfg = Release|Any CPU
		{4480DC1F-D54C-1AA1-469E-B7D62701CAEA}.Release|Any CPU.Build.0 = Release|Any CPU
		{9E38225F-F19D-0C1D-C28D-C9B443EA50F3}.Debug|Any CPU.ActiveCfg = Debug|Any CPU
		{9E38225F-F19D-0C1D-C28D-C9B443EA50F3}.Debug|Any CPU.Build.0 = Debug|Any CPU
		{9E38225F-F19D-0C1D-C28D-C9B443EA50F3}.Release|Any CPU.ActiveCfg = Release|Any CPU
		{9E38225F-F19D-0C1D-C28D-C9B443EA50F3}.Release|Any CPU.Build.0 = Release|Any CPU
		{1D061F44-801E-B557-86DE-D5537B913AAA}.Debug|Any CPU.ActiveCfg = Debug|Any CPU
		{1D061F44-801E-B557-86DE-D5537B913AAA}.Debug|Any CPU.Build.0 = Debug|Any CPU
		{1D061F44-801E-B557-86DE-D5537B913AAA}.Release|Any CPU.ActiveCfg = Release|Any CPU
		{1D061F44-801E-B557-86DE-D5537B913AAA}.Release|Any CPU.Build.0 = Release|Any CPU
		{042B833C-A5E1-E031-A0FF-98CEAF53B1B6}.Debug|Any CPU.ActiveCfg = Debug|Any CPU
		{042B833C-A5E1-E031-A0FF-98CEAF53B1B6}.Debug|Any CPU.Build.0 = Debug|Any CPU
		{042B833C-A5E1-E031-A0FF-98CEAF53B1B6}.Release|Any CPU.ActiveCfg = Release|Any CPU
		{042B833C-A5E1-E031-A0FF-98CEAF53B1B6}.Release|Any CPU.Build.0 = Release|Any CPU
		{6CBD6397-376C-F6D6-C64F-3BBB51633F58}.Debug|Any CPU.ActiveCfg = Debug|Any CPU
		{6CBD6397-376C-F6D6-C64F-3BBB51633F58}.Debug|Any CPU.Build.0 = Debug|Any CPU
		{6CBD6397-376C-F6D6-C64F-3BBB51633F58}.Release|Any CPU.ActiveCfg = Release|Any CPU
		{6CBD6397-376C-F6D6-C64F-3BBB51633F58}.Release|Any CPU.Build.0 = Release|Any CPU
		{78939B1E-2F30-C516-C40A-18B1FA318D13}.Debug|Any CPU.ActiveCfg = Debug|Any CPU
		{78939B1E-2F30-C516-C40A-18B1FA318D13}.Debug|Any CPU.Build.0 = Debug|Any CPU
		{78939B1E-2F30-C516-C40A-18B1FA318D13}.Release|Any CPU.ActiveCfg = Release|Any CPU
		{78939B1E-2F30-C516-C40A-18B1FA318D13}.Release|Any CPU.Build.0 = Release|Any CPU
		{6AF554C0-ACA4-3027-68E7-79ABC4611B48}.Debug|Any CPU.ActiveCfg = Debug|Any CPU
		{6AF554C0-ACA4-3027-68E7-79ABC4611B48}.Debug|Any CPU.Build.0 = Debug|Any CPU
		{6AF554C0-ACA4-3027-68E7-79ABC4611B48}.Release|Any CPU.ActiveCfg = Release|Any CPU
		{6AF554C0-ACA4-3027-68E7-79ABC4611B48}.Release|Any CPU.Build.0 = Release|Any CPU
		{14D9DC66-1138-9D10-188A-26B5FC33683E}.Debug|Any CPU.ActiveCfg = Debug|Any CPU
		{14D9DC66-1138-9D10-188A-26B5FC33683E}.Debug|Any CPU.Build.0 = Debug|Any CPU
		{14D9DC66-1138-9D10-188A-26B5FC33683E}.Release|Any CPU.ActiveCfg = Release|Any CPU
		{14D9DC66-1138-9D10-188A-26B5FC33683E}.Release|Any CPU.Build.0 = Release|Any CPU
	EndGlobalSection
	GlobalSection(SolutionProperties) = preSolution
		HideSolutionNode = FALSE
	EndGlobalSection
	GlobalSection(NestedProjects) = preSolution
		{2131781A-1AB7-D6D9-0CD8-6307B9D20129} = {3189A337-1C28-E911-48E5-99E3FE63AA1B}
		{0CC69B64-8B3F-D541-5250-DDC56DA74F64} = {3189A337-1C28-E911-48E5-99E3FE63AA1B}
		{9410FAE9-0D60-5609-1304-0EB8983850EB} = {3189A337-1C28-E911-48E5-99E3FE63AA1B}
		{FDF9C5C1-506E-0EFB-1AF5-ABDDF41A6BA6} = {3189A337-1C28-E911-48E5-99E3FE63AA1B}
		{CEC8537D-3022-5506-2992-59BBC0471D35} = {3189A337-1C28-E911-48E5-99E3FE63AA1B}
		{20DB8D9E-1D74-5CE8-D45B-6AA927840337} = {3189A337-1C28-E911-48E5-99E3FE63AA1B}
		{F49A1B13-B5C3-CA20-84B1-F83BAD799C89} = {3189A337-1C28-E911-48E5-99E3FE63AA1B}
		{B3CE904C-D919-065D-D0A2-E5D63D09496E} = {3189A337-1C28-E911-48E5-99E3FE63AA1B}
		{89B60E44-6FAF-FB24-A0A8-82E336C09133} = {3189A337-1C28-E911-48E5-99E3FE63AA1B}
		{13ECB418-9CE9-C2CE-3963-BF802B4A7607} = {3189A337-1C28-E911-48E5-99E3FE63AA1B}
		{96E4046A-D2C4-58B8-A74A-FE68F22E170B} = {3189A337-1C28-E911-48E5-99E3FE63AA1B}
		{D348D8AF-4F18-CA3B-26ED-B645E2EFE7F5} = {3189A337-1C28-E911-48E5-99E3FE63AA1B}
		{56B7A1BD-8F74-77FE-843D-5385C6A2A924} = {3189A337-1C28-E911-48E5-99E3FE63AA1B}
		{A05DCE5A-4C23-C8C2-4B24-B07CB5902354} = {3189A337-1C28-E911-48E5-99E3FE63AA1B}
		{23D02483-04B6-5EDE-5EDB-707B9CC90EE4} = {3189A337-1C28-E911-48E5-99E3FE63AA1B}
		{40C4A679-D2EE-0533-03B6-95BC9EC59F9D} = {3189A337-1C28-E911-48E5-99E3FE63AA1B}
		{FE6ACCEE-6B7B-9083-7E9C-CE70C7617452} = {3189A337-1C28-E911-48E5-99E3FE63AA1B}
		{8CE367D7-7EBB-6E74-ADAF-3A16C5A538E0} = {B21A7279-EAF8-DE9E-95EF-00C601E75CBB}
		{9EB4B1F0-053F-D567-954B-DB0DE110DEE8} = {B21A7279-EAF8-DE9E-95EF-00C601E75CBB}
		{C7735942-6B4F-0543-FC10-60FE76765F3E} = {B21A7279-EAF8-DE9E-95EF-00C601E75CBB}
		{1828E17B-A9F2-95F2-864B-643274AF8091} = {6F8775CB-5B6E-1497-CCCA-244450B5B3B5}
		{B367A449-C8B2-0A12-A195-9980248A6BE9} = {6F8775CB-5B6E-1497-CCCA-244450B5B3B5}
		{4878DB01-2D0B-F5F1-62F5-CB713DC64174} = {6F8775CB-5B6E-1497-CCCA-244450B5B3B5}
		{CDAD04EA-7AA8-60EA-9A24-4ECDF3B59DBE} = {6F8775CB-5B6E-1497-CCCA-244450B5B3B5}
		{D0958FFA-6651-99C7-1877-34EA60A9F23F} = {6F8775CB-5B6E-1497-CCCA-244450B5B3B5}
		{232B5353-FCBA-D8C8-BCDE-0423B892CCD1} = {6F8775CB-5B6E-1497-CCCA-244450B5B3B5}
		{598E4DB0-CC49-AAA3-B9CA-52231398D272} = {6F8775CB-5B6E-1497-CCCA-244450B5B3B5}
		{BDC8C159-C58A-03A1-254C-B151E59F7F8C} = {6F8775CB-5B6E-1497-CCCA-244450B5B3B5}
		{3FDB330F-3D70-8ED5-D14B-1BC9620179F2} = {6F8775CB-5B6E-1497-CCCA-244450B5B3B5}
		{BDF06988-6CDF-4069-3213-3CAB2090A840} = {6F8775CB-5B6E-1497-CCCA-244450B5B3B5}
		{8CE9123F-CFB8-5B34-460B-D9B15C85B2D1} = {6F8775CB-5B6E-1497-CCCA-244450B5B3B5}
		{1B96774F-1FB9-C867-F094-E5307DA19725} = {6F8775CB-5B6E-1497-CCCA-244450B5B3B5}
		{EE1B5708-6388-93D7-0BDD-D598A8925C5E} = {6F8775CB-5B6E-1497-CCCA-244450B5B3B5}
		{D9BF9F9F-79D1-1033-E642-0D66808A16F9} = {6F8775CB-5B6E-1497-CCCA-244450B5B3B5}
		{E3DD75F4-F7FA-61FE-635F-6B40A388188B} = {F79439CF-3592-70E5-033E-89C6F6C77294}
		{E7037999-7BC4-367D-7A78-4830DF9BFA1E} = {F79439CF-3592-70E5-033E-89C6F6C77294}
		{3BF30862-EE60-B2EC-5C5D-2D804B4BBC0D} = {F79439CF-3592-70E5-033E-89C6F6C77294}
		{EB720A48-28FA-62FE-8418-0DE9A82BF9A4} = {F79439CF-3592-70E5-033E-89C6F6C77294}
		{A30E45A0-BAA3-35FE-7EED-9982766424C6} = {F79439CF-3592-70E5-033E-89C6F6C77294}
		{AC0DDBD2-C691-135A-20D9-15012B7724EB} = {F79439CF-3592-70E5-033E-89C6F6C77294}
		{13DE63ED-C989-4CF0-4DE2-BEAB3F66CD94} = {F79439CF-3592-70E5-033E-89C6F6C77294}
		{8A9ED701-2B89-423C-CBCF-503F76975B8F} = {F79439CF-3592-70E5-033E-89C6F6C77294}
		{82CFDCE8-89C4-DA5F-1192-A86FD08D3322} = {F79439CF-3592-70E5-033E-89C6F6C77294}
		{883FCC6B-2C60-0823-8072-6E7284FE8EBA} = {DEEA1A98-8366-3ACF-F400-91991BE6023A}
		{14EB4CCA-93E2-FD2D-58A9-9C01FD9F4BCE} = {DEEA1A98-8366-3ACF-F400-91991BE6023A}
		{F5122BBB-4F60-6036-5354-BFDEAD60EC5F} = {DEEA1A98-8366-3ACF-F400-91991BE6023A}
		{73C68404-4C46-3BC8-51E7-4D11593E5086} = {DEEA1A98-8366-3ACF-F400-91991BE6023A}
		{8D63FF12-F72B-C3D6-EA03-5B01D3162CDF} = {DEEA1A98-8366-3ACF-F400-91991BE6023A}
		{4480DC1F-D54C-1AA1-469E-B7D62701CAEA} = {DEEA1A98-8366-3ACF-F400-91991BE6023A}
		{9E38225F-F19D-0C1D-C28D-C9B443EA50F3} = {DEEA1A98-8366-3ACF-F400-91991BE6023A}
		{1D061F44-801E-B557-86DE-D5537B913AAA} = {DEEA1A98-8366-3ACF-F400-91991BE6023A}
		{042B833C-A5E1-E031-A0FF-98CEAF53B1B6} = {DEEA1A98-8366-3ACF-F400-91991BE6023A}
		{6CBD6397-376C-F6D6-C64F-3BBB51633F58} = {DEEA1A98-8366-3ACF-F400-91991BE6023A}
		{78939B1E-2F30-C516-C40A-18B1FA318D13} = {DEEA1A98-8366-3ACF-F400-91991BE6023A}
		{6AF554C0-ACA4-3027-68E7-79ABC4611B48} = {DEEA1A98-8366-3ACF-F400-91991BE6023A}
		{14D9DC66-1138-9D10-188A-26B5FC33683E} = {DEEA1A98-8366-3ACF-F400-91991BE6023A}
	EndGlobalSection
	GlobalSection(ExtensibilityGlobals) = postSolution
		SolutionGuid = {683F2E88-DE64-4AD0-9FED-2EAC7F2E8D5B}
	EndGlobalSection
EndGlobal
